
Microsoft Visual Studio Solution File, Format Version 10.00
# Visual C# Express 2008
Project("{FAE04EC0-301F-11D3-BF4B-00C04F79EFBC}") = "AGS.Plugin.Lua", "AGS.Plugin.Lua.csproj", "{C85A89D7-ABBB-4FAC-92F4-E22660DDAC04}"
EndProject
Project("{FAE04EC0-301F-11D3-BF4B-00C04F79EFBC}") = "SPAGS", "..\SPAGS\SPAGS.csproj", "{5482E0F4-7106-458A-A1C0-2E74C704837D}"
EndProject
Global
	GlobalSection(SolutionConfigurationPlatforms) = preSolution
		Debug|Any CPU = Debug|Any CPU
		Release|Any CPU = Release|Any CPU
	EndGlobalSection
	GlobalSection(ProjectConfigurationPlatforms) = postSolution
		{C85A89D7-ABBB-4FAC-92F4-E22660DDAC04}.Debug|Any CPU.ActiveCfg = Debug|Any CPU
		{C85A89D7-ABBB-4FAC-92F4-E22660DDAC04}.Debug|Any CPU.Build.0 = Debug|Any CPU
		{C85A89D7-ABBB-4FAC-92F4-E22660DDAC04}.Release|Any CPU.ActiveCfg = Release|Any CPU
		{C85A89D7-ABBB-4FAC-92F4-E22660DDAC04}.Release|Any CPU.Build.0 = Release|Any CPU
		{5482E0F4-7106-458A-A1C0-2E74C704837D}.Debug|Any CPU.ActiveCfg = Debug|Any CPU
		{5482E0F4-7106-458A-A1C0-2E74C704837D}.Debug|Any CPU.Build.0 = Debug|Any CPU
		{5482E0F4-7106-458A-A1C0-2E74C704837D}.Release|Any CPU.ActiveCfg = Release|Any CPU
		{5482E0F4-7106-458A-A1C0-2E74C704837D}.Release|Any CPU.Build.0 = Release|Any CPU
	EndGlobalSection
	GlobalSection(SolutionProperties) = preSolution
		HideSolutionNode = FALSE
	EndGlobalSection
EndGlobal
