
Microsoft Visual Studio Solution File, Format Version 9.00
# Visual C++ Express 2005
Project("{8BC9CEB8-8B4A-11D0-8D11-00A0C91BC942}") = "agslua", "agslua.vcproj", "{2C8030F5-73D5-48BA-A521-61CA7498A06F}"
EndProject
Global
	GlobalSection(SolutionConfigurationPlatforms) = preSolution
		Debug|Win32 = Debug|Win32
		Release|Win32 = Release|Win32
	EndGlobalSection
	GlobalSection(ProjectConfigurationPlatforms) = postSolution
		{2C8030F5-73D5-48BA-A521-61CA7498A06F}.Debug|Win32.ActiveCfg = Debug|Win32
		{2C8030F5-73D5-48BA-A521-61CA7498A06F}.Debug|Win32.Build.0 = Debug|Win32
		{2C8030F5-73D5-48BA-A521-61CA7498A06F}.Release|Win32.ActiveCfg = Release|Win32
		{2C8030F5-73D5-48BA-A521-61CA7498A06F}.Release|Win32.Build.0 = Release|Win32
	EndGlobalSection
	GlobalSection(SolutionProperties) = preSolution
		HideSolutionNode = FALSE
	EndGlobalSection
EndGlobal
